// !$*UTF8*$!
{
	archiveVersion = 1;
	classes = {
	};
	objectVersion = 54;
	objects = {

/* Begin PBXBuildFile section */
		660551A131C26271FEDDF610 /* Pods_Meteorites.framework in Frameworks */ = {isa = PBXBuildFile; fileRef = DB63821BF4C13FE4EF644FB0 /* Pods_Meteorites.framework */; };
		C3396990270DE74D00DBB229 /* MeteoriteRequest.swift in Sources */ = {isa = PBXBuildFile; fileRef = C339698F270DE74D00DBB229 /* MeteoriteRequest.swift */; };
		C3396992270E22CC00DBB229 /* ContentRowView.swift in Sources */ = {isa = PBXBuildFile; fileRef = C3396991270E22CC00DBB229 /* ContentRowView.swift */; };
		C3396994270E230C00DBB229 /* DetailRowView.swift in Sources */ = {isa = PBXBuildFile; fileRef = C3396993270E230C00DBB229 /* DetailRowView.swift */; };
		C3ACCED5270CA2DA006DE529 /* MeteoritesApp.swift in Sources */ = {isa = PBXBuildFile; fileRef = C3ACCED4270CA2DA006DE529 /* MeteoritesApp.swift */; };
		C3ACCED7270CA2DA006DE529 /* ContentView.swift in Sources */ = {isa = PBXBuildFile; fileRef = C3ACCED6270CA2DA006DE529 /* ContentView.swift */; };
		C3ACCED9270CA2DC006DE529 /* Assets.xcassets in Resources */ = {isa = PBXBuildFile; fileRef = C3ACCED8270CA2DC006DE529 /* Assets.xcassets */; };
		C3ACCEDC270CA2DC006DE529 /* Preview Assets.xcassets in Resources */ = {isa = PBXBuildFile; fileRef = C3ACCEDB270CA2DC006DE529 /* Preview Assets.xcassets */; };
		C3BFBA8D270CC2B20057539A /* Provider.swift in Sources */ = {isa = PBXBuildFile; fileRef = C3BFBA8C270CC2B20057539A /* Provider.swift */; };
		C3BFBA94270CC9430057539A /* CurrentAppManager.swift in Sources */ = {isa = PBXBuildFile; fileRef = C3BFBA93270CC9430057539A /* CurrentAppManager.swift */; };
		C3BFBA9A270CCC300057539A /* MeteoritesTarget.swift in Sources */ = {isa = PBXBuildFile; fileRef = C3BFBA99270CCC300057539A /* MeteoritesTarget.swift */; };
		C3BFBA9C270CCC3B0057539A /* MeteoritesService.swift in Sources */ = {isa = PBXBuildFile; fileRef = C3BFBA9B270CCC3B0057539A /* MeteoritesService.swift */; };
		C3BFBA9F270CD2240057539A /* MeteoritesViewModel.swift in Sources */ = {isa = PBXBuildFile; fileRef = C3BFBA9E270CD2240057539A /* MeteoritesViewModel.swift */; };
		C3C33A15270CE7D7000592CB /* Meteorite.swift in Sources */ = {isa = PBXBuildFile; fileRef = C3C33A14270CE7D7000592CB /* Meteorite.swift */; };
		C3C33A19270CF8B5000592CB /* DetailView.swift in Sources */ = {isa = PBXBuildFile; fileRef = C3C33A18270CF8B5000592CB /* DetailView.swift */; };
		C3C33A1B270CF900000592CB /* MapView.swift in Sources */ = {isa = PBXBuildFile; fileRef = C3C33A1A270CF900000592CB /* MapView.swift */; };
/* End PBXBuildFile section */

/* Begin PBXFileReference section */
		C339698F270DE74D00DBB229 /* MeteoriteRequest.swift */ = {isa = PBXFileReference; lastKnownFileType = sourcecode.swift; path = MeteoriteRequest.swift; sourceTree = "<group>"; };
		C3396991270E22CC00DBB229 /* ContentRowView.swift */ = {isa = PBXFileReference; lastKnownFileType = sourcecode.swift; path = ContentRowView.swift; sourceTree = "<group>"; };
		C3396993270E230C00DBB229 /* DetailRowView.swift */ = {isa = PBXFileReference; lastKnownFileType = sourcecode.swift; path = DetailRowView.swift; sourceTree = "<group>"; };
		C3ACCED1270CA2DA006DE529 /* Meteorites.app */ = {isa = PBXFileReference; explicitFileType = wrapper.application; includeInIndex = 0; path = Meteorites.app; sourceTree = BUILT_PRODUCTS_DIR; };
		C3ACCED4270CA2DA006DE529 /* MeteoritesApp.swift */ = {isa = PBXFileReference; lastKnownFileType = sourcecode.swift; path = MeteoritesApp.swift; sourceTree = "<group>"; };
		C3ACCED6270CA2DA006DE529 /* ContentView.swift */ = {isa = PBXFileReference; lastKnownFileType = sourcecode.swift; path = ContentView.swift; sourceTree = "<group>"; };
		C3ACCED8270CA2DC006DE529 /* Assets.xcassets */ = {isa = PBXFileReference; lastKnownFileType = folder.assetcatalog; path = Assets.xcassets; sourceTree = "<group>"; };
		C3ACCEDB270CA2DC006DE529 /* Preview Assets.xcassets */ = {isa = PBXFileReference; lastKnownFileType = folder.assetcatalog; path = "Preview Assets.xcassets"; sourceTree = "<group>"; };
		C3BFBA8C270CC2B20057539A /* Provider.swift */ = {isa = PBXFileReference; lastKnownFileType = sourcecode.swift; path = Provider.swift; sourceTree = "<group>"; };
		C3BFBA93270CC9430057539A /* CurrentAppManager.swift */ = {isa = PBXFileReference; lastKnownFileType = sourcecode.swift; path = CurrentAppManager.swift; sourceTree = "<group>"; };
		C3BFBA99270CCC300057539A /* MeteoritesTarget.swift */ = {isa = PBXFileReference; lastKnownFileType = sourcecode.swift; path = MeteoritesTarget.swift; sourceTree = "<group>"; };
		C3BFBA9B270CCC3B0057539A /* MeteoritesService.swift */ = {isa = PBXFileReference; lastKnownFileType = sourcecode.swift; path = MeteoritesService.swift; sourceTree = "<group>"; };
		C3BFBA9E270CD2240057539A /* MeteoritesViewModel.swift */ = {isa = PBXFileReference; lastKnownFileType = sourcecode.swift; path = MeteoritesViewModel.swift; sourceTree = "<group>"; };
		C3C33A14270CE7D7000592CB /* Meteorite.swift */ = {isa = PBXFileReference; lastKnownFileType = sourcecode.swift; path = Meteorite.swift; sourceTree = "<group>"; };
		C3C33A18270CF8B5000592CB /* DetailView.swift */ = {isa = PBXFileReference; lastKnownFileType = sourcecode.swift; path = DetailView.swift; sourceTree = "<group>"; };
		C3C33A1A270CF900000592CB /* MapView.swift */ = {isa = PBXFileReference; lastKnownFileType = sourcecode.swift; path = MapView.swift; sourceTree = "<group>"; };
		DB63821BF4C13FE4EF644FB0 /* Pods_Meteorites.framework */ = {isa = PBXFileReference; explicitFileType = wrapper.framework; includeInIndex = 0; path = Pods_Meteorites.framework; sourceTree = BUILT_PRODUCTS_DIR; };
		EE604224D1BCC64B0B126885 /* Pods-Meteorites.release.xcconfig */ = {isa = PBXFileReference; includeInIndex = 1; lastKnownFileType = text.xcconfig; name = "Pods-Meteorites.release.xcconfig"; path = "Target Support Files/Pods-Meteorites/Pods-Meteorites.release.xcconfig"; sourceTree = "<group>"; };
		F9F42D68FFCBE09FBBE48147 /* Pods-Meteorites.debug.xcconfig */ = {isa = PBXFileReference; includeInIndex = 1; lastKnownFileType = text.xcconfig; name = "Pods-Meteorites.debug.xcconfig"; path = "Target Support Files/Pods-Meteorites/Pods-Meteorites.debug.xcconfig"; sourceTree = "<group>"; };
/* End PBXFileReference section */

/* Begin PBXFrameworksBuildPhase section */
		C3ACCECE270CA2DA006DE529 /* Frameworks */ = {
			isa = PBXFrameworksBuildPhase;
			buildActionMask = 2147483647;
			files = (
				660551A131C26271FEDDF610 /* Pods_Meteorites.framework in Frameworks */,
			);
			runOnlyForDeploymentPostprocessing = 0;
		};
/* End PBXFrameworksBuildPhase section */

/* Begin PBXGroup section */
		77DDE0A06AA16FB2CBF30B8E /* Frameworks */ = {
			isa = PBXGroup;
			children = (
				DB63821BF4C13FE4EF644FB0 /* Pods_Meteorites.framework */,
			);
			name = Frameworks;
			sourceTree = "<group>";
		};
		951EC959C09C9A32E2C9586C /* Pods */ = {
			isa = PBXGroup;
			children = (
				F9F42D68FFCBE09FBBE48147 /* Pods-Meteorites.debug.xcconfig */,
				EE604224D1BCC64B0B126885 /* Pods-Meteorites.release.xcconfig */,
			);
			path = Pods;
			sourceTree = "<group>";
		};
		C3ACCEC8270CA2DA006DE529 = {
			isa = PBXGroup;
			children = (
				C3ACCED3270CA2DA006DE529 /* Meteorites */,
				C3ACCED2270CA2DA006DE529 /* Products */,
				951EC959C09C9A32E2C9586C /* Pods */,
				77DDE0A06AA16FB2CBF30B8E /* Frameworks */,
			);
			sourceTree = "<group>";
		};
		C3ACCED2270CA2DA006DE529 /* Products */ = {
			isa = PBXGroup;
			children = (
				C3ACCED1270CA2DA006DE529 /* Meteorites.app */,
			);
			name = Products;
			sourceTree = "<group>";
		};
		C3ACCED3270CA2DA006DE529 /* Meteorites */ = {
			isa = PBXGroup;
			children = (
				C3ACCED4270CA2DA006DE529 /* MeteoritesApp.swift */,
				C3BFBA8A270CA8810057539A /* Views */,
				C3BFBA9D270CD15B0057539A /* ViewModels */,
				C3BFBA8E270CC36A0057539A /* Base */,
				C3BFBA89270CA8740057539A /* Network */,
				C3BFBA88270CA8660057539A /* Model */,
				C3ACCED8270CA2DC006DE529 /* Assets.xcassets */,
				C3ACCEDA270CA2DC006DE529 /* Preview Content */,
			);
			path = Meteorites;
			sourceTree = "<group>";
		};
		C3ACCEDA270CA2DC006DE529 /* Preview Content */ = {
			isa = PBXGroup;
			children = (
				C3ACCEDB270CA2DC006DE529 /* Preview Assets.xcassets */,
			);
			path = "Preview Content";
			sourceTree = "<group>";
		};
		C3BFBA88270CA8660057539A /* Model */ = {
			isa = PBXGroup;
			children = (
				C3C33A14270CE7D7000592CB /* Meteorite.swift */,
				C339698F270DE74D00DBB229 /* MeteoriteRequest.swift */,
			);
			path = Model;
			sourceTree = "<group>";
		};
		C3BFBA89270CA8740057539A /* Network */ = {
			isa = PBXGroup;
			children = (
				C3BFBA98270CCBFC0057539A /* Services */,
				C3BFBA95270CCBB80057539A /* Targets */,
				C3BFBA8C270CC2B20057539A /* Provider.swift */,
			);
			path = Network;
			sourceTree = "<group>";
		};
		C3BFBA8A270CA8810057539A /* Views */ = {
			isa = PBXGroup;
			children = (
				C3ACCED6270CA2DA006DE529 /* ContentView.swift */,
				C3C33A18270CF8B5000592CB /* DetailView.swift */,
				C3C33A1A270CF900000592CB /* MapView.swift */,
				C3396991270E22CC00DBB229 /* ContentRowView.swift */,
				C3396993270E230C00DBB229 /* DetailRowView.swift */,
			);
			path = Views;
			sourceTree = "<group>";
		};
		C3BFBA8E270CC36A0057539A /* Base */ = {
			isa = PBXGroup;
			children = (
				C3BFBA93270CC9430057539A /* CurrentAppManager.swift */,
			);
			path = Base;
			sourceTree = "<group>";
		};
		C3BFBA95270CCBB80057539A /* Targets */ = {
			isa = PBXGroup;
			children = (
				C3BFBA99270CCC300057539A /* MeteoritesTarget.swift */,
			);
			path = Targets;
			sourceTree = "<group>";
		};
		C3BFBA98270CCBFC0057539A /* Services */ = {
			isa = PBXGroup;
			children = (
				C3BFBA9B270CCC3B0057539A /* MeteoritesService.swift */,
			);
			path = Services;
			sourceTree = "<group>";
		};
		C3BFBA9D270CD15B0057539A /* ViewModels */ = {
			isa = PBXGroup;
			children = (
				C3BFBA9E270CD2240057539A /* MeteoritesViewModel.swift */,
			);
			path = ViewModels;
			sourceTree = "<group>";
		};
/* End PBXGroup section */

/* Begin PBXNativeTarget section */
		C3ACCED0270CA2DA006DE529 /* Meteorites */ = {
			isa = PBXNativeTarget;
			buildConfigurationList = C3ACCEDF270CA2DC006DE529 /* Build configuration list for PBXNativeTarget "Meteorites" */;
			buildPhases = (
				A7D9589D66721C528D302AE4 /* [CP] Check Pods Manifest.lock */,
				C3ACCECD270CA2DA006DE529 /* Sources */,
				C3ACCECE270CA2DA006DE529 /* Frameworks */,
				C3ACCECF270CA2DA006DE529 /* Resources */,
				F8A9A8F2E7F5C97BE79A1FEA /* [CP] Embed Pods Frameworks */,
			);
			buildRules = (
			);
			dependencies = (
			);
			name = Meteorites;
			productName = Meteorites;
			productReference = C3ACCED1270CA2DA006DE529 /* Meteorites.app */;
			productType = "com.apple.product-type.application";
		};
/* End PBXNativeTarget section */

/* Begin PBXProject section */
		C3ACCEC9270CA2DA006DE529 /* Project object */ = {
			isa = PBXProject;
			attributes = {
				BuildIndependentTargetsInParallel = 1;
				LastSwiftUpdateCheck = 1300;
				LastUpgradeCheck = 1300;
				TargetAttributes = {
					C3ACCED0270CA2DA006DE529 = {
						CreatedOnToolsVersion = 13.0;
					};
				};
			};
			buildConfigurationList = C3ACCECC270CA2DA006DE529 /* Build configuration list for PBXProject "Meteorites" */;
			compatibilityVersion = "Xcode 12.0";
			developmentRegion = en;
			hasScannedForEncodings = 0;
			knownRegions = (
				en,
				Base,
			);
			mainGroup = C3ACCEC8270CA2DA006DE529;
			productRefGroup = C3ACCED2270CA2DA006DE529 /* Products */;
			projectDirPath = "";
			projectRoot = "";
			targets = (
				C3ACCED0270CA2DA006DE529 /* Meteorites */,
			);
		};
/* End PBXProject section */

/* Begin PBXResourcesBuildPhase section */
		C3ACCECF270CA2DA006DE529 /* Resources */ = {
			isa = PBXResourcesBuildPhase;
			buildActionMask = 2147483647;
			files = (
				C3ACCEDC270CA2DC006DE529 /* Preview Assets.xcassets in Resources */,
				C3ACCED9270CA2DC006DE529 /* Assets.xcassets in Resources */,
			);
			runOnlyForDeploymentPostprocessing = 0;
		};
/* End PBXResourcesBuildPhase section */

/* Begin PBXShellScriptBuildPhase section */
		A7D9589D66721C528D302AE4 /* [CP] Check Pods Manifest.lock */ = {
			isa = PBXShellScriptBuildPhase;
			buildActionMask = 2147483647;
			files = (
			);
			inputFileListPaths = (
			);
			inputPaths = (
				"${PODS_PODFILE_DIR_PATH}/Podfile.lock",
				"${PODS_ROOT}/Manifest.lock",
			);
			name = "[CP] Check Pods Manifest.lock";
			outputFileListPaths = (
			);
			outputPaths = (
				"$(DERIVED_FILE_DIR)/Pods-Meteorites-checkManifestLockResult.txt",
			);
			runOnlyForDeploymentPostprocessing = 0;
			shellPath = /bin/sh;
			shellScript = "diff \"${PODS_PODFILE_DIR_PATH}/Podfile.lock\" \"${PODS_ROOT}/Manifest.lock\" > /dev/null\nif [ $? != 0 ] ; then\n    # print error to STDERR\n    echo \"error: The sandbox is not in sync with the Podfile.lock. Run 'pod install' or update your CocoaPods installation.\" >&2\n    exit 1\nfi\n# This output is used by Xcode 'outputs' to avoid re-running this script phase.\necho \"SUCCESS\" > \"${SCRIPT_OUTPUT_FILE_0}\"\n";
			showEnvVarsInLog = 0;
		};
		F8A9A8F2E7F5C97BE79A1FEA /* [CP] Embed Pods Frameworks */ = {
			isa = PBXShellScriptBuildPhase;
			buildActionMask = 2147483647;
			files = (
			);
			inputFileListPaths = (
				"${PODS_ROOT}/Target Support Files/Pods-Meteorites/Pods-Meteorites-frameworks-${CONFIGURATION}-input-files.xcfilelist",
			);
			name = "[CP] Embed Pods Frameworks";
			outputFileListPaths = (
				"${PODS_ROOT}/Target Support Files/Pods-Meteorites/Pods-Meteorites-frameworks-${CONFIGURATION}-output-files.xcfilelist",
			);
			runOnlyForDeploymentPostprocessing = 0;
			shellPath = /bin/sh;
			shellScript = "\"${PODS_ROOT}/Target Support Files/Pods-Meteorites/Pods-Meteorites-frameworks.sh\"\n";
			showEnvVarsInLog = 0;
		};
/* End PBXShellScriptBuildPhase section */

/* Begin PBXSourcesBuildPhase section */
		C3ACCECD270CA2DA006DE529 /* Sources */ = {
			isa = PBXSourcesBuildPhase;
			buildActionMask = 2147483647;
			files = (
				C3ACCED7270CA2DA006DE529 /* ContentView.swift in Sources */,
				C3396992270E22CC00DBB229 /* ContentRowView.swift in Sources */,
				C3BFBA94270CC9430057539A /* CurrentAppManager.swift in Sources */,
				C3396994270E230C00DBB229 /* DetailRowView.swift in Sources */,
				C3BFBA9A270CCC300057539A /* MeteoritesTarget.swift in Sources */,
				C3C33A1B270CF900000592CB /* MapView.swift in Sources */,
				C3396990270DE74D00DBB229 /* MeteoriteRequest.swift in Sources */,
				C3C33A19270CF8B5000592CB /* DetailView.swift in Sources */,
				C3BFBA8D270CC2B20057539A /* Provider.swift in Sources */,
				C3BFBA9C270CCC3B0057539A /* MeteoritesService.swift in Sources */,
				C3BFBA9F270CD2240057539A /* MeteoritesViewModel.swift in Sources */,
				C3C33A15270CE7D7000592CB /* Meteorite.swift in Sources */,
				C3ACCED5270CA2DA006DE529 /* MeteoritesApp.swift in Sources */,
			);
			runOnlyForDeploymentPostprocessing = 0;
		};
/* End PBXSourcesBuildPhase section */

/* Begin XCBuildConfiguration section */
		C3ACCEDD270CA2DC006DE529 /* Debug */ = {
			isa = XCBuildConfiguration;
			buildSettings = {
				ALWAYS_SEARCH_USER_PATHS = NO;
				CLANG_ANALYZER_NONNULL = YES;
				CLANG_ANALYZER_NUMBER_OBJECT_CONVERSION = YES_AGGRESSIVE;
				CLANG_CXX_LANGUAGE_STANDARD = "gnu++17";
				CLANG_CXX_LIBRARY = "libc++";
				CLANG_ENABLE_MODULES = YES;
				CLANG_ENABLE_OBJC_ARC = YES;
				CLANG_ENABLE_OBJC_WEAK = YES;
				CLANG_WARN_BLOCK_CAPTURE_AUTORELEASING = YES;
				CLANG_WARN_BOOL_CONVERSION = YES;
				CLANG_WARN_COMMA = YES;
				CLANG_WARN_CONSTANT_CONVERSION = YES;
				CLANG_WARN_DEPRECATED_OBJC_IMPLEMENTATIONS = YES;
				CLANG_WARN_DIRECT_OBJC_ISA_USAGE = YES_ERROR;
				CLANG_WARN_DOCUMENTATION_COMMENTS = YES;
				CLANG_WARN_EMPTY_BODY = YES;
				CLANG_WARN_ENUM_CONVERSION = YES;
				CLANG_WARN_INFINITE_RECURSION = YES;
				CLANG_WARN_INT_CONVERSION = YES;
				CLANG_WARN_NON_LITERAL_NULL_CONVERSION = YES;
				CLANG_WARN_OBJC_IMPLICIT_RETAIN_SELF = YES;
				CLANG_WARN_OBJC_LITERAL_CONVERSION = YES;
				CLANG_WARN_OBJC_ROOT_CLASS = YES_ERROR;
				CLANG_WARN_QUOTED_INCLUDE_IN_FRAMEWORK_HEADER = YES;
				CLANG_WARN_RANGE_LOOP_ANALYSIS = YES;
				CLANG_WARN_STRICT_PROTOTYPES = YES;
				CLANG_WARN_SUSPICIOUS_MOVE = YES;
				CLANG_WARN_UNGUARDED_AVAILABILITY = YES_AGGRESSIVE;
				CLANG_WARN_UNREACHABLE_CODE = YES;
				CLANG_WARN__DUPLICATE_METHOD_MATCH = YES;
				COPY_PHASE_STRIP = NO;
				DEBUG_INFORMATION_FORMAT = dwarf;
				ENABLE_STRICT_OBJC_MSGSEND = YES;
				ENABLE_TESTABILITY = YES;
				GCC_C_LANGUAGE_STANDARD = gnu11;
				GCC_DYNAMIC_NO_PIC = NO;
				GCC_NO_COMMON_BLOCKS = YES;
				GCC_OPTIMIZATION_LEVEL = 0;
				GCC_PREPROCESSOR_DEFINITIONS = (
					"DEBUG=1",
					"$(inherited)",
				);
				GCC_WARN_64_TO_32_BIT_CONVERSION = YES;
				GCC_WARN_ABOUT_RETURN_TYPE = YES_ERROR;
				GCC_WARN_UNDECLARED_SELECTOR = YES;
				GCC_WARN_UNINITIALIZED_AUTOS = YES_AGGRESSIVE;
				GCC_WARN_UNUSED_FUNCTION = YES;
				GCC_WARN_UNUSED_VARIABLE = YES;
				IPHONEOS_DEPLOYMENT_TARGET = 15.0;
				MTL_ENABLE_DEBUG_INFO = INCLUDE_SOURCE;
				MTL_FAST_MATH = YES;
				ONLY_ACTIVE_ARCH = YES;
				SDKROOT = iphoneos;
				SWIFT_ACTIVE_COMPILATION_CONDITIONS = DEBUG;
				SWIFT_OPTIMIZATION_LEVEL = "-Onone";
			};
			name = Debug;
		};
		C3ACCEDE270CA2DC006DE529 /* Release */ = {
			isa = XCBuildConfiguration;
			buildSettings = {
				ALWAYS_SEARCH_USER_PATHS = NO;
				CLANG_ANALYZER_NONNULL = YES;
				CLANG_ANALYZER_NUMBER_OBJECT_CONVERSION = YES_AGGRESSIVE;
				CLANG_CXX_LANGUAGE_STANDARD = "gnu++17";
				CLANG_CXX_LIBRARY = "libc++";
				CLANG_ENABLE_MODULES = YES;
				CLANG_ENABLE_OBJC_ARC = YES;
				CLANG_ENABLE_OBJC_WEAK = YES;
				CLANG_WARN_BLOCK_CAPTURE_AUTORELEASING = YES;
				CLANG_WARN_BOOL_CONVERSION = YES;
				CLANG_WARN_COMMA = YES;
				CLANG_WARN_CONSTANT_CONVERSION = YES;
				CLANG_WARN_DEPRECATED_OBJC_IMPLEMENTATIONS = YES;
				CLANG_WARN_DIRECT_OBJC_ISA_USAGE = YES_ERROR;
				CLANG_WARN_DOCUMENTATION_COMMENTS = YES;
				CLANG_WARN_EMPTY_BODY = YES;
				CLANG_WARN_ENUM_CONVERSION = YES;
				CLANG_WARN_INFINITE_RECURSION = YES;
				CLANG_WARN_INT_CONVERSION = YES;
				CLANG_WARN_NON_LITERAL_NULL_CONVERSION = YES;
				CLANG_WARN_OBJC_IMPLICIT_RETAIN_SELF = YES;
				CLANG_WARN_OBJC_LITERAL_CONVERSION = YES;
				CLANG_WARN_OBJC_ROOT_CLASS = YES_ERROR;
				CLANG_WARN_QUOTED_INCLUDE_IN_FRAMEWORK_HEADER = YES;
				CLANG_WARN_RANGE_LOOP_ANALYSIS = YES;
				CLANG_WARN_STRICT_PROTOTYPES = YES;
				CLANG_WARN_SUSPICIOUS_MOVE = YES;
				CLANG_WARN_UNGUARDED_AVAILABILITY = YES_AGGRESSIVE;
				CLANG_WARN_UNREACHABLE_CODE = YES;
				CLANG_WARN__DUPLICATE_METHOD_MATCH = YES;
				COPY_PHASE_STRIP = NO;
				DEBUG_INFORMATION_FORMAT = "dwarf-with-dsym";
				ENABLE_NS_ASSERTIONS = NO;
				ENABLE_STRICT_OBJC_MSGSEND = YES;
				GCC_C_LANGUAGE_STANDARD = gnu11;
				GCC_NO_COMMON_BLOCKS = YES;
				GCC_WARN_64_TO_32_BIT_CONVERSION = YES;
				GCC_WARN_ABOUT_RETURN_TYPE = YES_ERROR;
				GCC_WARN_UNDECLARED_SELECTOR = YES;
				GCC_WARN_UNINITIALIZED_AUTOS = YES_AGGRESSIVE;
				GCC_WARN_UNUSED_FUNCTION = YES;
				GCC_WARN_UNUSED_VARIABLE = YES;
				IPHONEOS_DEPLOYMENT_TARGET = 15.0;
				MTL_ENABLE_DEBUG_INFO = NO;
				MTL_FAST_MATH = YES;
				SDKROOT = iphoneos;
				SWIFT_COMPILATION_MODE = wholemodule;
				SWIFT_OPTIMIZATION_LEVEL = "-O";
				VALIDATE_PRODUCT = YES;
			};
			name = Release;
		};
		C3ACCEE0270CA2DC006DE529 /* Debug */ = {
			isa = XCBuildConfiguration;
			baseConfigurationReference = F9F42D68FFCBE09FBBE48147 /* Pods-Meteorites.debug.xcconfig */;
			buildSettings = {
				ASSETCATALOG_COMPILER_APPICON_NAME = AppIcon;
				ASSETCATALOG_COMPILER_GLOBAL_ACCENT_COLOR_NAME = AccentColor;
				CODE_SIGN_STYLE = Automatic;
				CURRENT_PROJECT_VERSION = 1;
				DEVELOPMENT_ASSET_PATHS = "\"Meteorites/Preview Content\"";
				ENABLE_PREVIEWS = YES;
				GENERATE_INFOPLIST_FILE = YES;
				INFOPLIST_KEY_UIApplicationSceneManifest_Generation = YES;
				INFOPLIST_KEY_UIApplicationSupportsIndirectInputEvents = YES;
				INFOPLIST_KEY_UILaunchScreen_Generation = YES;
				INFOPLIST_KEY_UISupportedInterfaceOrientations_iPad = "UIInterfaceOrientationPortrait UIInterfaceOrientationPortraitUpsideDown UIInterfaceOrientationLandscapeLeft UIInterfaceOrientationLandscapeRight";
				INFOPLIST_KEY_UISupportedInterfaceOrientations_iPhone = "UIInterfaceOrientationPortrait UIInterfaceOrientationLandscapeLeft UIInterfaceOrientationLandscapeRight";
				IPHONEOS_DEPLOYMENT_TARGET = 14.0;
				LD_RUNPATH_SEARCH_PATHS = (
					"$(inherited)",
					"@executable_path/Frameworks",
				);
				MARKETING_VERSION = 1.0;
				PRODUCT_BUNDLE_IDENTIFIER = tsmerda.Meteorites;
				PRODUCT_NAME = "$(TARGET_NAME)";
				SWIFT_EMIT_LOC_STRINGS = YES;
				SWIFT_VERSION = 5.0;
				TARGETED_DEVICE_FAMILY = "1,2";
			};
			name = Debug;
		};
		C3ACCEE1270CA2DC006DE529 /* Release */ = {
			isa = XCBuildConfiguration;
			baseConfigurationReference = EE604224D1BCC64B0B126885 /* Pods-Meteorites.release.xcconfig */;
			buildSettings = {
				ASSETCATALOG_COMPILER_APPICON_NAME = AppIcon;
				ASSETCATALOG_COMPILER_GLOBAL_ACCENT_COLOR_NAME = AccentColor;
				CODE_SIGN_STYLE = Automatic;
				CURRENT_PROJECT_VERSION = 1;
				DEVELOPMENT_ASSET_PATHS = "\"Meteorites/Preview Content\"";
				ENABLE_PREVIEWS = YES;
				GENERATE_INFOPLIST_FILE = YES;
				INFOPLIST_KEY_UIApplicationSceneManifest_Generation = YES;
				INFOPLIST_KEY_UIApplicationSupportsIndirectInputEvents = YES;
				INFOPLIST_KEY_UILaunchScreen_Generation = YES;
				INFOPLIST_KEY_UISupportedInterfaceOrientations_iPad = "UIInterfaceOrientationPortrait UIInterfaceOrientationPortraitUpsideDown UIInterfaceOrientationLandscapeLeft UIInterfaceOrientationLandscapeRight";
				INFOPLIST_KEY_UISupportedInterfaceOrientations_iPhone = "UIInterfaceOrientationPortrait UIInterfaceOrientationLandscapeLeft UIInterfaceOrientationLandscapeRight";
				IPHONEOS_DEPLOYMENT_TARGET = 14.0;
				LD_RUNPATH_SEARCH_PATHS = (
					"$(inherited)",
					"@executable_path/Frameworks",
				);
				MARKETING_VERSION = 1.0;
				PRODUCT_BUNDLE_IDENTIFIER = tsmerda.Meteorites;
				PRODUCT_NAME = "$(TARGET_NAME)";
				SWIFT_EMIT_LOC_STRINGS = YES;
				SWIFT_VERSION = 5.0;
				TARGETED_DEVICE_FAMILY = "1,2";
			};
			name = Release;
		};
/* End XCBuildConfiguration section */

/* Begin XCConfigurationList section */
		C3ACCECC270CA2DA006DE529 /* Build configuration list for PBXProject "Meteorites" */ = {
			isa = XCConfigurationList;
			buildConfigurations = (
				C3ACCEDD270CA2DC006DE529 /* Debug */,
				C3ACCEDE270CA2DC006DE529 /* Release */,
			);
			defaultConfigurationIsVisible = 0;
			defaultConfigurationName = Release;
		};
		C3ACCEDF270CA2DC006DE529 /* Build configuration list for PBXNativeTarget "Meteorites" */ = {
			isa = XCConfigurationList;
			buildConfigurations = (
				C3ACCEE0270CA2DC006DE529 /* Debug */,
				C3ACCEE1270CA2DC006DE529 /* Release */,
			);
			defaultConfigurationIsVisible = 0;
			defaultConfigurationName = Release;
		};
/* End XCConfigurationList section */
	};
	rootObject = C3ACCEC9270CA2DA006DE529 /* Project object */;
}
